hash: 59916ff6ce906a3307fe72ad33765c6efed36e8274e95a1a5c67879a1e792914
updated: 2016-04-14T21:18:27.896100624+02:00
imports:
- name: github.com/andlabs/ui
  version: 8dc672361ebc481cbe9418f7dd4d307095ee9f98
- name: github.com/codegangsta/cli
  version: 71f57d300dd6a780ac1856c005c4b518cfd498ec
- name: github.com/goccmack/gocc
  version: c7163b52d2f23f5cae8af3b9fc81d0ea0fe8cd42
- name: github.com/Sirupsen/logrus
  version: 7e6f9765803ea8356f45fd9b3c62305fb36cca51
- name: github.com/stretchr/testify
  version: bcd9e3389dd03b0b668d11f4d462a6af6c2dfd60
devImports: []
